
Microsoft Visual Studio Solution File, Format Version 12.00
# Visual Studio Version 16
VisualStudioVersion = 16.0.31321.278
MinimumVisualStudioVersion = 10.0.40219.1
Project("{9A19103F-16F7-4668-BE54-9A1E7A4F7556}") = "Consul.ClientFactory", "src\Consul.ClientFactory\Consul.ClientFactory.csproj", "{63C21C17-49B9-4BF7-8E56-7F656D659A09}"
EndProject
Project("{2150E333-8FDC-42A3-9474-1A3956D46DE8}") = "src", "src", "{918099E2-A3B8-40E7-926C-2DA5EC1009AA}"
EndProject
Global
	GlobalSection(SolutionConfigurationPlatforms) = preSolution
		Debug|Any CPU = Debug|Any CPU
		Release|Any CPU = Release|Any CPU
	EndGlobalSection
	GlobalSection(ProjectConfigurationPlatforms) = postSolution
		{63C21C17-49B9-4BF7-8E56-7F656D659A09}.Debug|Any CPU.ActiveCfg = Debug|Any CPU
		{63C21C17-49B9-4BF7-8E56-7F656D659A09}.Debug|Any CPU.Build.0 = Debug|Any CPU
		{63C21C17-49B9-4BF7-8E56-7F656D659A09}.Release|Any CPU.ActiveCfg = Release|Any CPU
		{63C21C17-49B9-4BF7-8E56-7F656D659A09}.Release|Any CPU.Build.0 = Release|Any CPU
	EndGlobalSection
	GlobalSection(SolutionProperties) = preSolution
		HideSolutionNode = FALSE
	EndGlobalSection
	GlobalSection(NestedProjects) = preSolution
		{63C21C17-49B9-4BF7-8E56-7F656D659A09} = {918099E2-A3B8-40E7-926C-2DA5EC1009AA}
	EndGlobalSection
	GlobalSection(ExtensibilityGlobals) = postSolution
		SolutionGuid = {DA67A95C-0E7C-4FED-A5F4-6C131F265ED5}
	EndGlobalSection
EndGlobal
